
Microsoft Visual Studio Solution File, Format Version 12.00
# Visual Studio 15
VisualStudioVersion = 15.0.28307.271
MinimumVisualStudioVersion = 10.0.40219.1
Project("{FAE04EC0-301F-11D3-BF4B-00C04F79EFBC}") = "KolkoKrzyzyk", "KolkoKrzyzyk\KolkoKrzyzyk.csproj", "{1DA063B8-5FCD-45A7-A8A8-B0D19B9E8CB9}"
EndProject
Global
	GlobalSection(SolutionConfigurationPlatforms) = preSolution
		Debug|Any CPU = Debug|Any CPU
		Release|Any CPU = Release|Any CPU
	EndGlobalSection
	GlobalSection(ProjectConfigurationPlatforms) = postSolution
		{1DA063B8-5FCD-45A7-A8A8-B0D19B9E8CB9}.Debug|Any CPU.ActiveCfg = Debug|Any CPU
		{1DA063B8-5FCD-45A7-A8A8-B0D19B9E8CB9}.Debug|Any CPU.Build.0 = Debug|Any CPU
		{1DA063B8-5FCD-45A7-A8A8-B0D19B9E8CB9}.Release|Any CPU.ActiveCfg = Release|Any CPU
		{1DA063B8-5FCD-45A7-A8A8-B0D19B9E8CB9}.Release|Any CPU.Build.0 = Release|Any CPU
	EndGlobalSection
	GlobalSection(SolutionProperties) = preSolution
		HideSolutionNode = FALSE
	EndGlobalSection
	GlobalSection(ExtensibilityGlobals) = postSolution
		SolutionGuid = {37004C12-6D60-4C70-B406-27F559F30388}
	EndGlobalSection
EndGlobal
